
Microsoft Visual Studio Solution File, Format Version 12.00
# Visual Studio Version 17
VisualStudioVersion = 17.1.32210.238
MinimumVisualStudioVersion = 10.0.40219.1
Project("{FAE04EC0-301F-11D3-BF4B-00C04F79EFBC}") = "Tests_Lab2", "Tests_Lab2\Tests_Lab2.csproj", "{0A6C644C-AF2F-4706-8F93-F9DB90025BAF}"
EndProject
Project("{FAE04EC0-301F-11D3-BF4B-00C04F79EFBC}") = "Task_1", "Task_1\Task_1.csproj", "{78CA266E-602A-43B5-BFA8-6E8BF3BB19A0}"
EndProject
Project("{FAE04EC0-301F-11D3-BF4B-00C04F79EFBC}") = "Task_2", "Task_2\Task_2.csproj", "{999D4720-5815-4790-8D49-D0A02CE0797B}"
EndProject
Global
	GlobalSection(SolutionConfigurationPlatforms) = preSolution
		Debug|Any CPU = Debug|Any CPU
		Debug|x64 = Debug|x64
		Debug|x86 = Debug|x86
		Release|Any CPU = Release|Any CPU
		Release|x64 = Release|x64
		Release|x86 = Release|x86
	EndGlobalSection
	GlobalSection(ProjectConfigurationPlatforms) = postSolution
		{0A6C644C-AF2F-4706-8F93-F9DB90025BAF}.Debug|Any CPU.ActiveCfg = Debug|Any CPU
		{0A6C644C-AF2F-4706-8F93-F9DB90025BAF}.Debug|Any CPU.Build.0 = Debug|Any CPU
		{0A6C644C-AF2F-4706-8F93-F9DB90025BAF}.Debug|x64.ActiveCfg = Debug|Any CPU
		{0A6C644C-AF2F-4706-8F93-F9DB90025BAF}.Debug|x64.Build.0 = Debug|Any CPU
		{0A6C644C-AF2F-4706-8F93-F9DB90025BAF}.Debug|x86.ActiveCfg = Debug|Any CPU
		{0A6C644C-AF2F-4706-8F93-F9DB90025BAF}.Debug|x86.Build.0 = Debug|Any CPU
		{0A6C644C-AF2F-4706-8F93-F9DB90025BAF}.Release|Any CPU.ActiveCfg = Release|Any CPU
		{0A6C644C-AF2F-4706-8F93-F9DB90025BAF}.Release|Any CPU.Build.0 = Release|Any CPU
		{0A6C644C-AF2F-4706-8F93-F9DB90025BAF}.Release|x64.ActiveCfg = Release|Any CPU
		{0A6C644C-AF2F-4706-8F93-F9DB90025BAF}.Release|x64.Build.0 = Release|Any CPU
		{0A6C644C-AF2F-4706-8F93-F9DB90025BAF}.Release|x86.ActiveCfg = Release|Any CPU
		{0A6C644C-AF2F-4706-8F93-F9DB90025BAF}.Release|x86.Build.0 = Release|Any CPU
		{78CA266E-602A-43B5-BFA8-6E8BF3BB19A0}.Debug|Any CPU.ActiveCfg = Debug|Any CPU
		{78CA266E-602A-43B5-BFA8-6E8BF3BB19A0}.Debug|Any CPU.Build.0 = Debug|Any CPU
		{78CA266E-602A-43B5-BFA8-6E8BF3BB19A0}.Debug|x64.ActiveCfg = Debug|Any CPU
		{78CA266E-602A-43B5-BFA8-6E8BF3BB19A0}.Debug|x64.Build.0 = Debug|Any CPU
		{78CA266E-602A-43B5-BFA8-6E8BF3BB19A0}.Debug|x86.ActiveCfg = Debug|Any CPU
		{78CA266E-602A-43B5-BFA8-6E8BF3BB19A0}.Debug|x86.Build.0 = Debug|Any CPU
		{78CA266E-602A-43B5-BFA8-6E8BF3BB19A0}.Release|Any CPU.ActiveCfg = Release|Any CPU
		{78CA266E-602A-43B5-BFA8-6E8BF3BB19A0}.Release|Any CPU.Build.0 = Release|Any CPU
		{78CA266E-602A-43B5-BFA8-6E8BF3BB19A0}.Release|x64.ActiveCfg = Release|Any CPU
		{78CA266E-602A-43B5-BFA8-6E8BF3BB19A0}.Release|x64.Build.0 = Release|Any CPU
		{78CA266E-602A-43B5-BFA8-6E8BF3BB19A0}.Release|x86.ActiveCfg = Release|Any CPU
		{78CA266E-602A-43B5-BFA8-6E8BF3BB19A0}.Release|x86.Build.0 = Release|Any CPU
		{999D4720-5815-4790-8D49-D0A02CE0797B}.Debug|Any CPU.ActiveCfg = Debug|Any CPU
		{999D4720-5815-4790-8D49-D0A02CE0797B}.Debug|Any CPU.Build.0 = Debug|Any CPU
		{999D4720-5815-4790-8D49-D0A02CE0797B}.Debug|x64.ActiveCfg = Debug|Any CPU
		{999D4720-5815-4790-8D49-D0A02CE0797B}.Debug|x64.Build.0 = Debug|Any CPU
		{999D4720-5815-4790-8D49-D0A02CE0797B}.Debug|x86.ActiveCfg = Debug|Any CPU
		{999D4720-5815-4790-8D49-D0A02CE0797B}.Debug|x86.Build.0 = Debug|Any CPU
		{999D4720-5815-4790-8D49-D0A02CE0797B}.Release|Any CPU.ActiveCfg = Release|Any CPU
		{999D4720-5815-4790-8D49-D0A02CE0797B}.Release|Any CPU.Build.0 = Release|Any CPU
		{999D4720-5815-4790-8D49-D0A02CE0797B}.Release|x64.ActiveCfg = Release|Any CPU
		{999D4720-5815-4790-8D49-D0A02CE0797B}.Release|x64.Build.0 = Release|Any CPU
		{999D4720-5815-4790-8D49-D0A02CE0797B}.Release|x86.ActiveCfg = Release|Any CPU
		{999D4720-5815-4790-8D49-D0A02CE0797B}.Release|x86.Build.0 = Release|Any CPU
	EndGlobalSection
	GlobalSection(SolutionProperties) = preSolution
		HideSolutionNode = FALSE
	EndGlobalSection
	GlobalSection(ExtensibilityGlobals) = postSolution
		SolutionGuid = {91EB8486-1A3E-413A-BBD6-F4020A8ED818}
	EndGlobalSection
EndGlobal
